// !$*UTF8*$!
{
	archiveVersion = 1;
	classes = {
	};
	objectVersion = 56;
	objects = {

/* Begin PBXBuildFile section */
		001 /* FlowSMSApp.swift in Sources */ = {isa = PBXBuildFile; fileRef = 101 /* FlowSMSApp.swift */; };
		002 /* MainTabView.swift in Sources */ = {isa = PBXBuildFile; fileRef = 102 /* MainTabView.swift */; };
		003 /* DashboardView.swift in Sources */ = {isa = PBXBuildFile; fileRef = 103 /* DashboardView.swift */; };
		004 /* ProjectsListView.swift in Sources */ = {isa = PBXBuildFile; fileRef = 104 /* ProjectsListView.swift */; };
		005 /* ProjectDetailView.swift in Sources */ = {isa = PBXBuildFile; fileRef = 105 /* ProjectDetailView.swift */; };
		006 /* Models.swift in Sources */ = {isa = PBXBuildFile; fileRef = 106 /* Models.swift */; };
		007 /* APIService.swift in Sources */ = {isa = PBXBuildFile; fileRef = 107 /* APIService.swift */; };
		008 /* FlowColors.swift in Sources */ = {isa = PBXBuildFile; fileRef = 108 /* FlowColors.swift */; };
		009 /* StatCard.swift in Sources */ = {isa = PBXBuildFile; fileRef = 109 /* StatCard.swift */; };
		010 /* ProjectCard.swift in Sources */ = {isa = PBXBuildFile; fileRef = 110 /* ProjectCard.swift */; };
		011 /* MilestoneRow.swift in Sources */ = {isa = PBXBuildFile; fileRef = 111 /* MilestoneRow.swift */; };
		012 /* ActivityRow.swift in Sources */ = {isa = PBXBuildFile; fileRef = 112 /* ActivityRow.swift */; };
		857C80002F3627600079359B /* HRView.swift in Sources */ = {isa = PBXBuildFile; fileRef = 857C7FFF2F3627600079359B /* HRView.swift */; };
		857C80032F36276A0079359B /* AnalyticsView.swift in Sources */ = {isa = PBXBuildFile; fileRef = 857C80012F36276A0079359B /* AnalyticsView.swift */; };
		857C80062F3627750079359B /* TasksView.swift in Sources */ = {isa = PBXBuildFile; fileRef = 857C80042F3627750079359B /* TasksView.swift */; };
		857C80092F36277E0079359B /* MoreView.swift in Sources */ = {isa = PBXBuildFile; fileRef = 857C80072F36277E0079359B /* MoreView.swift */; };
		857C800B2F36280F0079359B /* BuildingDetailView.swift in Sources */ = {isa = PBXBuildFile; fileRef = 857C800A2F36280F0079359B /* BuildingDetailView.swift */; };
		85A1C0022F38B0000079359B /* ProgramGanttView.swift in Sources */ = {isa = PBXBuildFile; fileRef = 85A1C0012F38B0000079359B /* ProgramGanttView.swift */; };
		85B2D0042F3AC0000079359B /* ProjectMapView.swift in Sources */ = {isa = PBXBuildFile; fileRef = 85B2D0032F3AC0000079359B /* ProjectMapView.swift */; };
		85C3E0062F3BD0000079359B /* UnitStudyData.swift in Sources */ = {isa = PBXBuildFile; fileRef = 85C3E0052F3BD0000079359B /* UnitStudyData.swift */; };
		85C3E0082F3BD0100079359B /* UnitStudyView.swift in Sources */ = {isa = PBXBuildFile; fileRef = 85C3E0072F3BD0100079359B /* UnitStudyView.swift */; };
		85DCD83C2F37429F005A7B75 /* Animations.swift in Sources */ = {isa = PBXBuildFile; fileRef = 85DCD83B2F37429F005A7B75 /* Animations.swift */; };
/* End PBXBuildFile section */

/* Begin PBXFileReference section */
		100 /* FlowSMS.app */ = {isa = PBXFileReference; explicitFileType = wrapper.application; includeInIndex = 0; path = FlowSMS.app; sourceTree = BUILT_PRODUCTS_DIR; };
		101 /* FlowSMSApp.swift */ = {isa = PBXFileReference; lastKnownFileType = sourcecode.swift; path = FlowSMSApp.swift; sourceTree = "<group>"; };
		102 /* MainTabView.swift */ = {isa = PBXFileReference; lastKnownFileType = sourcecode.swift; path = MainTabView.swift; sourceTree = "<group>"; };
		103 /* DashboardView.swift */ = {isa = PBXFileReference; lastKnownFileType = sourcecode.swift; path = DashboardView.swift; sourceTree = "<group>"; };
		104 /* ProjectsListView.swift */ = {isa = PBXFileReference; lastKnownFileType = sourcecode.swift; path = ProjectsListView.swift; sourceTree = "<group>"; };
		105 /* ProjectDetailView.swift */ = {isa = PBXFileReference; lastKnownFileType = sourcecode.swift; path = ProjectDetailView.swift; sourceTree = "<group>"; };
		106 /* Models.swift */ = {isa = PBXFileReference; lastKnownFileType = sourcecode.swift; path = Models.swift; sourceTree = "<group>"; };
		107 /* APIService.swift */ = {isa = PBXFileReference; lastKnownFileType = sourcecode.swift; path = APIService.swift; sourceTree = "<group>"; };
		108 /* FlowColors.swift */ = {isa = PBXFileReference; lastKnownFileType = sourcecode.swift; path = FlowColors.swift; sourceTree = "<group>"; };
		109 /* StatCard.swift */ = {isa = PBXFileReference; lastKnownFileType = sourcecode.swift; path = StatCard.swift; sourceTree = "<group>"; };
		110 /* ProjectCard.swift */ = {isa = PBXFileReference; lastKnownFileType = sourcecode.swift; path = ProjectCard.swift; sourceTree = "<group>"; };
		111 /* MilestoneRow.swift */ = {isa = PBXFileReference; lastKnownFileType = sourcecode.swift; path = MilestoneRow.swift; sourceTree = "<group>"; };
		112 /* ActivityRow.swift */ = {isa = PBXFileReference; lastKnownFileType = sourcecode.swift; path = ActivityRow.swift; sourceTree = "<group>"; };
		857C7FFF2F3627600079359B /* HRView.swift */ = {isa = PBXFileReference; lastKnownFileType = sourcecode.swift; path = HRView.swift; sourceTree = "<group>"; };
		857C80012F36276A0079359B /* AnalyticsView.swift */ = {isa = PBXFileReference; lastKnownFileType = sourcecode.swift; path = AnalyticsView.swift; sourceTree = "<group>"; };
		857C80042F3627750079359B /* TasksView.swift */ = {isa = PBXFileReference; lastKnownFileType = sourcecode.swift; path = TasksView.swift; sourceTree = "<group>"; };
		857C80072F36277E0079359B /* MoreView.swift */ = {isa = PBXFileReference; lastKnownFileType = sourcecode.swift; path = MoreView.swift; sourceTree = "<group>"; };
		857C800A2F36280F0079359B /* BuildingDetailView.swift */ = {isa = PBXFileReference; lastKnownFileType = sourcecode.swift; path = BuildingDetailView.swift; sourceTree = "<group>"; };
		85A1C0012F38B0000079359B /* ProgramGanttView.swift */ = {isa = PBXFileReference; lastKnownFileType = sourcecode.swift; path = ProgramGanttView.swift; sourceTree = "<group>"; };
		85B2D0032F3AC0000079359B /* ProjectMapView.swift */ = {isa = PBXFileReference; lastKnownFileType = sourcecode.swift; path = ProjectMapView.swift; sourceTree = "<group>"; };
		85C3E0052F3BD0000079359B /* UnitStudyData.swift */ = {isa = PBXFileReference; lastKnownFileType = sourcecode.swift; path = UnitStudyData.swift; sourceTree = "<group>"; };
		85C3E0072F3BD0100079359B /* UnitStudyView.swift */ = {isa = PBXFileReference; lastKnownFileType = sourcecode.swift; path = UnitStudyView.swift; sourceTree = "<group>"; };
		85DCD83B2F37429F005A7B75 /* Animations.swift */ = {isa = PBXFileReference; lastKnownFileType = sourcecode.swift; path = Animations.swift; sourceTree = "<group>"; };
/* End PBXFileReference section */

/* Begin PBXFrameworksBuildPhase section */
		200 /* Frameworks */ = {
			isa = PBXFrameworksBuildPhase;
			buildActionMask = 2147483647;
			files = (
			);
			runOnlyForDeploymentPostprocessing = 0;
		};
/* End PBXFrameworksBuildPhase section */

/* Begin PBXGroup section */
		300 = {
			isa = PBXGroup;
			children = (
				301 /* FlowSMS */,
				302 /* Products */,
			);
			sourceTree = "<group>";
		};
		301 /* FlowSMS */ = {
			isa = PBXGroup;
			children = (
				101 /* FlowSMSApp.swift */,
				303 /* Views */,
				304 /* Models */,
				305 /* Services */,
				306 /* Theme */,
			);
			path = FlowSMS;
			sourceTree = "<group>";
		};
		302 /* Products */ = {
			isa = PBXGroup;
			children = (
				100 /* FlowSMS.app */,
			);
			name = Products;
			sourceTree = "<group>";
		};
		303 /* Views */ = {
			isa = PBXGroup;
			children = (
				857C800A2F36280F0079359B /* BuildingDetailView.swift */,
				857C80082F36277E0079359B /* More */,
				857C80052F3627750079359B /* Tasks */,
				857C80022F36276A0079359B /* Analytics */,
				857C7FFF2F3627600079359B /* HRView.swift */,
				102 /* MainTabView.swift */,
				307 /* Dashboard */,
				308 /* Projects */,
				309 /* Components */,
			);
			path = Views;
			sourceTree = "<group>";
		};
		304 /* Models */ = {
			isa = PBXGroup;
			children = (
				106 /* Models.swift */,
				85C3E0052F3BD0000079359B /* UnitStudyData.swift */,
			);
			path = Models;
			sourceTree = "<group>";
		};
		305 /* Services */ = {
			isa = PBXGroup;
			children = (
				107 /* APIService.swift */,
			);
			path = Services;
			sourceTree = "<group>";
		};
		306 /* Theme */ = {
			isa = PBXGroup;
			children = (
				85DCD83B2F37429F005A7B75 /* Animations.swift */,
				108 /* FlowColors.swift */,
			);
			path = Theme;
			sourceTree = "<group>";
		};
		307 /* Dashboard */ = {
			isa = PBXGroup;
			children = (
				103 /* DashboardView.swift */,
			);
			path = Dashboard;
			sourceTree = "<group>";
		};
		308 /* Projects */ = {
			isa = PBXGroup;
			children = (
				104 /* ProjectsListView.swift */,
				105 /* ProjectDetailView.swift */,
				85A1C0012F38B0000079359B /* ProgramGanttView.swift */,
				85B2D0032F3AC0000079359B /* ProjectMapView.swift */,
				85C3E0072F3BD0100079359B /* UnitStudyView.swift */,
			);
			path = Projects;
			sourceTree = "<group>";
		};
		309 /* Components */ = {
			isa = PBXGroup;
			children = (
				109 /* StatCard.swift */,
				110 /* ProjectCard.swift */,
				111 /* MilestoneRow.swift */,
				112 /* ActivityRow.swift */,
			);
			path = Components;
			sourceTree = "<group>";
		};
		857C80022F36276A0079359B /* Analytics */ = {
			isa = PBXGroup;
			children = (
				857C80012F36276A0079359B /* AnalyticsView.swift */,
			);
			path = Analytics;
			sourceTree = "<group>";
		};
		857C80052F3627750079359B /* Tasks */ = {
			isa = PBXGroup;
			children = (
				857C80042F3627750079359B /* TasksView.swift */,
			);
			path = Tasks;
			sourceTree = "<group>";
		};
		857C80082F36277E0079359B /* More */ = {
			isa = PBXGroup;
			children = (
				857C80072F36277E0079359B /* MoreView.swift */,
			);
			path = More;
			sourceTree = "<group>";
		};
/* End PBXGroup section */

/* Begin PBXNativeTarget section */
		400 /* FlowSMS */ = {
			isa = PBXNativeTarget;
			buildConfigurationList = 500 /* Build configuration list for PBXNativeTarget "FlowSMS" */;
			buildPhases = (
				401 /* Sources */,
				200 /* Frameworks */,
				402 /* Resources */,
			);
			buildRules = (
			);
			dependencies = (
			);
			name = FlowSMS;
			productName = FlowSMS;
			productReference = 100 /* FlowSMS.app */;
			productType = "com.apple.product-type.application";
		};
/* End PBXNativeTarget section */

/* Begin PBXProject section */
		600 /* Project object */ = {
			isa = PBXProject;
			attributes = {
				BuildIndependentTargetsInParallel = 1;
				LastSwiftUpdateCheck = 1500;
				LastUpgradeCheck = 2620;
				TargetAttributes = {
					400 = {
						CreatedOnToolsVersion = 15.0;
					};
				};
			};
			buildConfigurationList = 601 /* Build configuration list for PBXProject "FlowSMS" */;
			compatibilityVersion = "Xcode 14.0";
			developmentRegion = en;
			hasScannedForEncodings = 0;
			knownRegions = (
				en,
				Base,
			);
			mainGroup = 300;
			productRefGroup = 302 /* Products */;
			projectDirPath = "";
			projectRoot = "";
			targets = (
				400 /* FlowSMS */,
			);
		};
/* End PBXProject section */

/* Begin PBXResourcesBuildPhase section */
		402 /* Resources */ = {
			isa = PBXResourcesBuildPhase;
			buildActionMask = 2147483647;
			files = (
			);
			runOnlyForDeploymentPostprocessing = 0;
		};
/* End PBXResourcesBuildPhase section */

/* Begin PBXSourcesBuildPhase section */
		401 /* Sources */ = {
			isa = PBXSourcesBuildPhase;
			buildActionMask = 2147483647;
			files = (
				001 /* FlowSMSApp.swift in Sources */,
				002 /* MainTabView.swift in Sources */,
				003 /* DashboardView.swift in Sources */,
				004 /* ProjectsListView.swift in Sources */,
				857C80062F3627750079359B /* TasksView.swift in Sources */,
				005 /* ProjectDetailView.swift in Sources */,
				006 /* Models.swift in Sources */,
				857C80092F36277E0079359B /* MoreView.swift in Sources */,
				007 /* APIService.swift in Sources */,
				857C800B2F36280F0079359B /* BuildingDetailView.swift in Sources */,
				008 /* FlowColors.swift in Sources */,
				857C80002F3627600079359B /* HRView.swift in Sources */,
				009 /* StatCard.swift in Sources */,
				010 /* ProjectCard.swift in Sources */,
				85DCD83C2F37429F005A7B75 /* Animations.swift in Sources */,
				857C80032F36276A0079359B /* AnalyticsView.swift in Sources */,
				011 /* MilestoneRow.swift in Sources */,
				012 /* ActivityRow.swift in Sources */,
				85A1C0022F38B0000079359B /* ProgramGanttView.swift in Sources */,
				85B2D0042F3AC0000079359B /* ProjectMapView.swift in Sources */,
				85C3E0062F3BD0000079359B /* UnitStudyData.swift in Sources */,
				85C3E0082F3BD0100079359B /* UnitStudyView.swift in Sources */,
			);
			runOnlyForDeploymentPostprocessing = 0;
		};
/* End PBXSourcesBuildPhase section */

/* Begin XCBuildConfiguration section */
		700 /* Debug */ = {
			isa = XCBuildConfiguration;
			buildSettings = {
				ALWAYS_SEARCH_USER_PATHS = NO;
				ASSETCATALOG_COMPILER_GENERATE_SWIFT_ASSET_SYMBOL_EXTENSIONS = YES;
				CLANG_ANALYZER_NONNULL = YES;
				CLANG_ANALYZER_NUMBER_OBJECT_CONVERSION = YES_AGGRESSIVE;
				CLANG_CXX_LANGUAGE_STANDARD = "gnu++20";
				CLANG_ENABLE_MODULES = YES;
				CLANG_ENABLE_OBJC_ARC = YES;
				CLANG_ENABLE_OBJC_WEAK = YES;
				CLANG_WARN_BLOCK_CAPTURE_AUTORELEASING = YES;
				CLANG_WARN_BOOL_CONVERSION = YES;
				CLANG_WARN_COMMA = YES;
				CLANG_WARN_CONSTANT_CONVERSION = YES;
				CLANG_WARN_DEPRECATED_OBJC_IMPLEMENTATIONS = YES;
				CLANG_WARN_DIRECT_OBJC_ISA_USAGE = YES_ERROR;
				CLANG_WARN_DOCUMENTATION_COMMENTS = YES;
				CLANG_WARN_EMPTY_BODY = YES;
				CLANG_WARN_ENUM_CONVERSION = YES;
				CLANG_WARN_INFINITE_RECURSION = YES;
				CLANG_WARN_INT_CONVERSION = YES;
				CLANG_WARN_NON_LITERAL_NULL_CONVERSION = YES;
				CLANG_WARN_OBJC_IMPLICIT_RETAIN_SELF = YES;
				CLANG_WARN_OBJC_LITERAL_CONVERSION = YES;
				CLANG_WARN_OBJC_ROOT_CLASS = YES_ERROR;
				CLANG_WARN_QUOTED_INCLUDE_IN_FRAMEWORK_HEADER = YES;
				CLANG_WARN_RANGE_LOOP_ANALYSIS = YES;
				CLANG_WARN_STRICT_PROTOTYPES = YES;
				CLANG_WARN_SUSPICIOUS_MOVE = YES;
				CLANG_WARN_UNGUARDED_AVAILABILITY = YES_AGGRESSIVE;
				CLANG_WARN_UNREACHABLE_CODE = YES;
				CLANG_WARN__DUPLICATE_METHOD_MATCH = YES;
				COPY_PHASE_STRIP = NO;
				DEBUG_INFORMATION_FORMAT = dwarf;
				DEVELOPMENT_TEAM = A33BCYQD8W;
				ENABLE_STRICT_OBJC_MSGSEND = YES;
				ENABLE_TESTABILITY = YES;
				ENABLE_USER_SCRIPT_SANDBOXING = YES;
				GCC_C_LANGUAGE_STANDARD = gnu17;
				GCC_DYNAMIC_NO_PIC = NO;
				GCC_NO_COMMON_BLOCKS = YES;
				GCC_OPTIMIZATION_LEVEL = 0;
				GCC_PREPROCESSOR_DEFINITIONS = (
					"DEBUG=1",
					"$(inherited)",
				);
				GCC_WARN_64_TO_32_BIT_CONVERSION = YES;
				GCC_WARN_ABOUT_RETURN_TYPE = YES_ERROR;
				GCC_WARN_UNDECLARED_SELECTOR = YES;
				GCC_WARN_UNINITIALIZED_AUTOS = YES_AGGRESSIVE;
				GCC_WARN_UNUSED_FUNCTION = YES;
				GCC_WARN_UNUSED_VARIABLE = YES;
				IPHONEOS_DEPLOYMENT_TARGET = 17.0;
				LOCALIZATION_PREFERS_STRING_CATALOGS = YES;
				MTL_ENABLE_DEBUG_INFO = INCLUDE_SOURCE;
				MTL_FAST_MATH = YES;
				ONLY_ACTIVE_ARCH = YES;
				SDKROOT = iphoneos;
				STRING_CATALOG_GENERATE_SYMBOLS = YES;
				SWIFT_ACTIVE_COMPILATION_CONDITIONS = "DEBUG $(inherited)";
				SWIFT_OPTIMIZATION_LEVEL = "-Onone";
			};
			name = Debug;
		};
		701 /* Release */ = {
			isa = XCBuildConfiguration;
			buildSettings = {
				ALWAYS_SEARCH_USER_PATHS = NO;
				ASSETCATALOG_COMPILER_GENERATE_SWIFT_ASSET_SYMBOL_EXTENSIONS = YES;
				CLANG_ANALYZER_NONNULL = YES;
				CLANG_ANALYZER_NUMBER_OBJECT_CONVERSION = YES_AGGRESSIVE;
				CLANG_CXX_LANGUAGE_STANDARD = "gnu++20";
				CLANG_ENABLE_MODULES = YES;
				CLANG_ENABLE_OBJC_ARC = YES;
				CLANG_ENABLE_OBJC_WEAK = YES;
				CLANG_WARN_BLOCK_CAPTURE_AUTORELEASING = YES;
				CLANG_WARN_BOOL_CONVERSION = YES;
				CLANG_WARN_COMMA = YES;
				CLANG_WARN_CONSTANT_CONVERSION = YES;
				CLANG_WARN_DEPRECATED_OBJC_IMPLEMENTATIONS = YES;
				CLANG_WARN_DIRECT_OBJC_ISA_USAGE = YES_ERROR;
				CLANG_WARN_DOCUMENTATION_COMMENTS = YES;
				CLANG_WARN_EMPTY_BODY = YES;
				CLANG_WARN_ENUM_CONVERSION = YES;
				CLANG_WARN_INFINITE_RECURSION = YES;
				CLANG_WARN_INT_CONVERSION = YES;
				CLANG_WARN_NON_LITERAL_NULL_CONVERSION = YES;
				CLANG_WARN_OBJC_IMPLICIT_RETAIN_SELF = YES;
				CLANG_WARN_OBJC_LITERAL_CONVERSION = YES;
				CLANG_WARN_OBJC_ROOT_CLASS = YES_ERROR;
				CLANG_WARN_QUOTED_INCLUDE_IN_FRAMEWORK_HEADER = YES;
				CLANG_WARN_RANGE_LOOP_ANALYSIS = YES;
				CLANG_WARN_STRICT_PROTOTYPES = YES;
				CLANG_WARN_SUSPICIOUS_MOVE = YES;
				CLANG_WARN_UNGUARDED_AVAILABILITY = YES_AGGRESSIVE;
				CLANG_WARN_UNREACHABLE_CODE = YES;
				CLANG_WARN__DUPLICATE_METHOD_MATCH = YES;
				COPY_PHASE_STRIP = NO;
				DEBUG_INFORMATION_FORMAT = "dwarf-with-dsym";
				DEVELOPMENT_TEAM = A33BCYQD8W;
				ENABLE_NS_ASSERTIONS = NO;
				ENABLE_STRICT_OBJC_MSGSEND = YES;
				ENABLE_USER_SCRIPT_SANDBOXING = YES;
				GCC_C_LANGUAGE_STANDARD = gnu17;
				GCC_NO_COMMON_BLOCKS = YES;
				GCC_WARN_64_TO_32_BIT_CONVERSION = YES;
				GCC_WARN_ABOUT_RETURN_TYPE = YES_ERROR;
				GCC_WARN_UNDECLARED_SELECTOR = YES;
				GCC_WARN_UNINITIALIZED_AUTOS = YES_AGGRESSIVE;
				GCC_WARN_UNUSED_FUNCTION = YES;
				GCC_WARN_UNUSED_VARIABLE = YES;
				IPHONEOS_DEPLOYMENT_TARGET = 17.0;
				LOCALIZATION_PREFERS_STRING_CATALOGS = YES;
				MTL_ENABLE_DEBUG_INFO = NO;
				MTL_FAST_MATH = YES;
				SDKROOT = iphoneos;
				STRING_CATALOG_GENERATE_SYMBOLS = YES;
				SWIFT_COMPILATION_MODE = wholemodule;
				VALIDATE_PRODUCT = YES;
			};
			name = Release;
		};
		702 /* Debug */ = {
			isa = XCBuildConfiguration;
			buildSettings = {
				ASSETCATALOG_COMPILER_APPICON_NAME = AppIcon;
				ASSETCATALOG_COMPILER_GLOBAL_ACCENT_COLOR_NAME = AccentColor;
				CODE_SIGN_STYLE = Automatic;
				CURRENT_PROJECT_VERSION = 1;
				ENABLE_PREVIEWS = YES;
				GENERATE_INFOPLIST_FILE = YES;
				INFOPLIST_KEY_NSAppTransportSecurity_NSAllowsArbitraryLoads = YES;
				INFOPLIST_KEY_UIApplicationSceneManifest_Generation = YES;
				INFOPLIST_KEY_UIApplicationSupportsIndirectInputEvents = YES;
				INFOPLIST_KEY_UILaunchScreen_Generation = YES;
				INFOPLIST_KEY_UISupportedInterfaceOrientations_iPad = "UIInterfaceOrientationPortrait UIInterfaceOrientationPortraitUpsideDown UIInterfaceOrientationLandscapeLeft UIInterfaceOrientationLandscapeRight";
				INFOPLIST_KEY_UISupportedInterfaceOrientations_iPhone = "UIInterfaceOrientationPortrait UIInterfaceOrientationLandscapeLeft UIInterfaceOrientationLandscapeRight";
				LD_RUNPATH_SEARCH_PATHS = (
					"$(inherited)",
					"@executable_path/Frameworks",
				);
				MARKETING_VERSION = 1.0;
				PRODUCT_BUNDLE_IDENTIFIER = life.flow.FlowSMS;
				PRODUCT_NAME = "$(TARGET_NAME)";
				SWIFT_EMIT_LOC_STRINGS = YES;
				SWIFT_VERSION = 5.0;
				TARGETED_DEVICE_FAMILY = "1,2";
			};
			name = Debug;
		};
		703 /* Release */ = {
			isa = XCBuildConfiguration;
			buildSettings = {
				ASSETCATALOG_COMPILER_APPICON_NAME = AppIcon;
				ASSETCATALOG_COMPILER_GLOBAL_ACCENT_COLOR_NAME = AccentColor;
				CODE_SIGN_STYLE = Automatic;
				CURRENT_PROJECT_VERSION = 1;
				ENABLE_PREVIEWS = YES;
				GENERATE_INFOPLIST_FILE = YES;
				INFOPLIST_KEY_UIApplicationSceneManifest_Generation = YES;
				INFOPLIST_KEY_UIApplicationSupportsIndirectInputEvents = YES;
				INFOPLIST_KEY_UILaunchScreen_Generation = YES;
				INFOPLIST_KEY_UISupportedInterfaceOrientations_iPad = "UIInterfaceOrientationPortrait UIInterfaceOrientationPortraitUpsideDown UIInterfaceOrientationLandscapeLeft UIInterfaceOrientationLandscapeRight";
				INFOPLIST_KEY_UISupportedInterfaceOrientations_iPhone = "UIInterfaceOrientationPortrait UIInterfaceOrientationLandscapeLeft UIInterfaceOrientationLandscapeRight";
				LD_RUNPATH_SEARCH_PATHS = (
					"$(inherited)",
					"@executable_path/Frameworks",
				);
				MARKETING_VERSION = 1.0;
				PRODUCT_BUNDLE_IDENTIFIER = life.flow.FlowSMS;
				PRODUCT_NAME = "$(TARGET_NAME)";
				SWIFT_EMIT_LOC_STRINGS = YES;
				SWIFT_VERSION = 5.0;
				TARGETED_DEVICE_FAMILY = "1,2";
			};
			name = Release;
		};
/* End XCBuildConfiguration section */

/* Begin XCConfigurationList section */
		500 /* Build configuration list for PBXNativeTarget "FlowSMS" */ = {
			isa = XCConfigurationList;
			buildConfigurations = (
				702 /* Debug */,
				703 /* Release */,
			);
			defaultConfigurationIsVisible = 0;
			defaultConfigurationName = Release;
		};
		601 /* Build configuration list for PBXProject "FlowSMS" */ = {
			isa = XCConfigurationList;
			buildConfigurations = (
				700 /* Debug */,
				701 /* Release */,
			);
			defaultConfigurationIsVisible = 0;
			defaultConfigurationName = Release;
		};
/* End XCConfigurationList section */
	};
	rootObject = 600 /* Project object */;
}
